
Microsoft Visual Studio Solution File, Format Version 12.00
# Visual Studio Version 17
VisualStudioVersion = 17.0.31903.59
MinimumVisualStudioVersion = 10.0.40219.1
Project("{9A19103F-16F7-4668-BE54-9A1E7A4F7556}") = "Activity_01", "Activity_01\Activity_01.csproj", "{FD2C99F2-8C00-4EAC-B098-D468417099B9}"
EndProject
Project("{9A19103F-16F7-4668-BE54-9A1E7A4F7556}") = "Activity_02", "Activity_02\Activity_02.csproj", "{0815CA31-432D-4D84-8698-117C4AD94074}"
EndProject
Global
	GlobalSection(SolutionConfigurationPlatforms) = preSolution
		Debug|Any CPU = Debug|Any CPU
		Release|Any CPU = Release|Any CPU
	EndGlobalSection
	GlobalSection(ProjectConfigurationPlatforms) = postSolution
		{FD2C99F2-8C00-4EAC-B098-D468417099B9}.Debug|Any CPU.ActiveCfg = Debug|Any CPU
		{FD2C99F2-8C00-4EAC-B098-D468417099B9}.Debug|Any CPU.Build.0 = Debug|Any CPU
		{FD2C99F2-8C00-4EAC-B098-D468417099B9}.Release|Any CPU.ActiveCfg = Release|Any CPU
		{FD2C99F2-8C00-4EAC-B098-D468417099B9}.Release|Any CPU.Build.0 = Release|Any CPU
		{0815CA31-432D-4D84-8698-117C4AD94074}.Debug|Any CPU.ActiveCfg = Debug|Any CPU
		{0815CA31-432D-4D84-8698-117C4AD94074}.Debug|Any CPU.Build.0 = Debug|Any CPU
		{0815CA31-432D-4D84-8698-117C4AD94074}.Release|Any CPU.ActiveCfg = Release|Any CPU
		{0815CA31-432D-4D84-8698-117C4AD94074}.Release|Any CPU.Build.0 = Release|Any CPU
	EndGlobalSection
	GlobalSection(SolutionProperties) = preSolution
		HideSolutionNode = FALSE
	EndGlobalSection
	GlobalSection(ExtensibilityGlobals) = postSolution
		SolutionGuid = {CFAEF29B-35D6-43DD-A468-DFFF0B621377}
	EndGlobalSection
EndGlobal
